
Microsoft Visual Studio Solution File, Format Version 12.00
# Visual Studio Version 17
VisualStudioVersion = 17.0.31919.166
MinimumVisualStudioVersion = 10.0.40219.1
Project("{FAE04EC0-301F-11D3-BF4B-00C04F79EFBC}") = "Shoppinglist.Android", "Shoppinglist\Shoppinglist.Android\Shoppinglist.Android.csproj", "{F8320CF3-A787-44D8-9595-7F495EF898DB}"
EndProject
Project("{FAE04EC0-301F-11D3-BF4B-00C04F79EFBC}") = "Shoppinglist", "Shoppinglist\Shoppinglist\Shoppinglist.csproj", "{E46A557E-6B9F-4D27-A8AF-5B264705D7B2}"
EndProject
Global
	GlobalSection(SolutionConfigurationPlatforms) = preSolution
		Debug|Any CPU = Debug|Any CPU
		Release|Any CPU = Release|Any CPU
	EndGlobalSection
	GlobalSection(ProjectConfigurationPlatforms) = postSolution
		{F8320CF3-A787-44D8-9595-7F495EF898DB}.Debug|Any CPU.ActiveCfg = Debug|Any CPU
		{F8320CF3-A787-44D8-9595-7F495EF898DB}.Debug|Any CPU.Build.0 = Debug|Any CPU
		{F8320CF3-A787-44D8-9595-7F495EF898DB}.Debug|Any CPU.Deploy.0 = Debug|Any CPU
		{F8320CF3-A787-44D8-9595-7F495EF898DB}.Release|Any CPU.ActiveCfg = Release|Any CPU
		{F8320CF3-A787-44D8-9595-7F495EF898DB}.Release|Any CPU.Build.0 = Release|Any CPU
		{F8320CF3-A787-44D8-9595-7F495EF898DB}.Release|Any CPU.Deploy.0 = Release|Any CPU
		{E46A557E-6B9F-4D27-A8AF-5B264705D7B2}.Debug|Any CPU.ActiveCfg = Debug|Any CPU
		{E46A557E-6B9F-4D27-A8AF-5B264705D7B2}.Debug|Any CPU.Build.0 = Debug|Any CPU
		{E46A557E-6B9F-4D27-A8AF-5B264705D7B2}.Debug|Any CPU.Deploy.0 = Debug|Any CPU
		{E46A557E-6B9F-4D27-A8AF-5B264705D7B2}.Release|Any CPU.ActiveCfg = Release|Any CPU
		{E46A557E-6B9F-4D27-A8AF-5B264705D7B2}.Release|Any CPU.Build.0 = Release|Any CPU
		{E46A557E-6B9F-4D27-A8AF-5B264705D7B2}.Release|Any CPU.Deploy.0 = Release|Any CPU
	EndGlobalSection
	GlobalSection(SolutionProperties) = preSolution
		HideSolutionNode = FALSE
	EndGlobalSection
	GlobalSection(ExtensibilityGlobals) = postSolution
		SolutionGuid = {4891308C-DE79-4365-B7D3-A285712DAFF9}
	EndGlobalSection
EndGlobal
